[[package]]
name = "another-rust-coin"
version = "0.1.0"
dependencies = [
 "ensicoin_serializer 0.1.1 (registry+https://github.com/rust-lang/crates.io-index)",
]

[[package]]
name = "ensicoin_serializer"
version = "0.1.1"
source = "registry+https://github.com/rust-lang/crates.io-index"

[metadata]
"checksum ensicoin_serializer 0.1.1 (registry+https://github.com/rust-lang/crates.io-index)" = "21b10b2a70b8bcb6ff4f0af8e3e551558c1aa5d540993ab28bacb3db89952e5b"
